
Microsoft Visual Studio Solution File, Format Version 12.00
# Visual Studio Version 16
VisualStudioVersion = 16.0.29215.179
MinimumVisualStudioVersion = 10.0.40219.1
Project("{FAE04EC0-301F-11D3-BF4B-00C04F79EFBC}") = "SketchupColorMaker", "SketchupColorMaker\SketchupColorMaker.csproj", "{F24A3877-0518-45F8-B525-DFFC5314321A}"
EndProject
Global
	GlobalSection(SolutionConfigurationPlatforms) = preSolution
		Debug|Any CPU = Debug|Any CPU
		Release|Any CPU = Release|Any CPU
	EndGlobalSection
	GlobalSection(ProjectConfigurationPlatforms) = postSolution
		{F24A3877-0518-45F8-B525-DFFC5314321A}.Debug|Any CPU.ActiveCfg = Debug|Any CPU
		{F24A3877-0518-45F8-B525-DFFC5314321A}.Debug|Any CPU.Build.0 = Debug|Any CPU
		{F24A3877-0518-45F8-B525-DFFC5314321A}.Release|Any CPU.ActiveCfg = Release|Any CPU
		{F24A3877-0518-45F8-B525-DFFC5314321A}.Release|Any CPU.Build.0 = Release|Any CPU
	EndGlobalSection
	GlobalSection(SolutionProperties) = preSolution
		HideSolutionNode = FALSE
	EndGlobalSection
	GlobalSection(ExtensibilityGlobals) = postSolution
		SolutionGuid = {79B3B85A-6F8F-4AB5-8529-BE940A8D5970}
	EndGlobalSection
EndGlobal
